
Microsoft Visual Studio Solution File, Format Version 12.00
# Visual Studio Version 17
VisualStudioVersion = 17.12.35527.113
MinimumVisualStudioVersion = 10.0.40219.1
Project("{FAE04EC0-301F-11D3-BF4B-00C04F79EFBC}") = "SecureMe", "SecureMe\SecureMe.csproj", "{DE794186-E085-4C8F-B20C-D232C0D2DA21}"
EndProject
Global
	GlobalSection(SolutionConfigurationPlatforms) = preSolution
		Debug|Any CPU = Debug|Any CPU
		Release|Any CPU = Release|Any CPU
	EndGlobalSection
	GlobalSection(ProjectConfigurationPlatforms) = postSolution
		{DE794186-E085-4C8F-B20C-D232C0D2DA21}.Debug|Any CPU.ActiveCfg = Debug|Any CPU
		{DE794186-E085-4C8F-B20C-D232C0D2DA21}.Debug|Any CPU.Build.0 = Debug|Any CPU
		{DE794186-E085-4C8F-B20C-D232C0D2DA21}.Release|Any CPU.ActiveCfg = Release|Any CPU
		{DE794186-E085-4C8F-B20C-D232C0D2DA21}.Release|Any CPU.Build.0 = Release|Any CPU
	EndGlobalSection
	GlobalSection(SolutionProperties) = preSolution
		HideSolutionNode = FALSE
	EndGlobalSection
EndGlobal
